
Microsoft Visual Studio Solution File, Format Version 12.00
# Visual Studio 15
VisualStudioVersion = 15.0.27004.2008
MinimumVisualStudioVersion = 10.0.40219.1
Project("{9092AA53-FB77-4645-B42D-1CCCA6BD08BD}") = "TrackerJacker", "TrackerJacker.njsproj", "{4E78B348-AE35-443A-B1E3-76AC58240199}"
EndProject
Global
	GlobalSection(SolutionConfigurationPlatforms) = preSolution
		Debug|Any CPU = Debug|Any CPU
		Release|Any CPU = Release|Any CPU
	EndGlobalSection
	GlobalSection(ProjectConfigurationPlatforms) = postSolution
		{4E78B348-AE35-443A-B1E3-76AC58240199}.Debug|Any CPU.ActiveCfg = Debug|Any CPU
		{4E78B348-AE35-443A-B1E3-76AC58240199}.Debug|Any CPU.Build.0 = Debug|Any CPU
		{4E78B348-AE35-443A-B1E3-76AC58240199}.Release|Any CPU.ActiveCfg = Release|Any CPU
		{4E78B348-AE35-443A-B1E3-76AC58240199}.Release|Any CPU.Build.0 = Release|Any CPU
	EndGlobalSection
	GlobalSection(SolutionProperties) = preSolution
		HideSolutionNode = FALSE
	EndGlobalSection
	GlobalSection(ExtensibilityGlobals) = postSolution
		SolutionGuid = {D05E4C3A-4E0C-4C6B-B2EB-70E0FB3218F0}
	EndGlobalSection
EndGlobal
